Microsoft Visual Studio Solution File, Format Version 12.00
# Visual Studio Version 17
VisualStudioVersion = 17.5.2.0
MinimumVisualStudioVersion = 10.0.40219.1
Project("{FAE04EC0-301F-11D3-BF4B-00C04F79EFBC}") = "Day2Console", "Day2Console.csproj", "{A781A8D7-B9B6-7F52-1413-97A35F278A76}"
EndProject
Global
	GlobalSection(SolutionConfigurationPlatforms) = preSolution
		Debug|Any CPU = Debug|Any CPU
		Release|Any CPU = Release|Any CPU
	EndGlobalSection
	GlobalSection(ProjectConfigurationPlatforms) = postSolution
		{A781A8D7-B9B6-7F52-1413-97A35F278A76}.Debug|Any CPU.ActiveCfg = Debug|Any CPU
		{A781A8D7-B9B6-7F52-1413-97A35F278A76}.Debug|Any CPU.Build.0 = Debug|Any CPU
		{A781A8D7-B9B6-7F52-1413-97A35F278A76}.Release|Any CPU.ActiveCfg = Release|Any CPU
		{A781A8D7-B9B6-7F52-1413-97A35F278A76}.Release|Any CPU.Build.0 = Release|Any CPU
	EndGlobalSection
	GlobalSection(SolutionProperties) = preSolution
		HideSolutionNode = FALSE
	EndGlobalSection
	GlobalSection(ExtensibilityGlobals) = postSolution
		SolutionGuid = {24314EAE-C20D-4B5B-8C47-762FD3D68C7C}
	EndGlobalSection
EndGlobal
